// !$*UTF8*$!
{
	archiveVersion = 1;
	classes = {
	};
	objectVersion = 46;
	objects = {

/* Begin PBXBuildFile section */
		7565D26919453D7400DEC6AC /* AppDelegate.swift in Sources */ = {isa = PBXBuildFile; fileRef = 7565D26819453D7400DEC6AC /* AppDelegate.swift */; };
		7565D26B19453D7400DEC6AC /* GameScene.sks in Resources */ = {isa = PBXBuildFile; fileRef = 7565D26A19453D7400DEC6AC /* GameScene.sks */; };
		7565D26D19453D7400DEC6AC /* GameScene.swift in Sources */ = {isa = PBXBuildFile; fileRef = 7565D26C19453D7400DEC6AC /* GameScene.swift */; };
		7565D26F19453D7400DEC6AC /* GameViewController.swift in Sources */ = {isa = PBXBuildFile; fileRef = 7565D26E19453D7400DEC6AC /* GameViewController.swift */; };
		7565D27219453D7400DEC6AC /* Main.storyboard in Resources */ = {isa = PBXBuildFile; fileRef = 7565D27019453D7400DEC6AC /* Main.storyboard */; };
		7565D27419453D7400DEC6AC /* Images.xcassets in Resources */ = {isa = PBXBuildFile; fileRef = 7565D27319453D7400DEC6AC /* Images.xcassets */; };
		7565D28019453D7400DEC6AC /* Swift_Journey_GameTests.swift in Sources */ = {isa = PBXBuildFile; fileRef = 7565D27F19453D7400DEC6AC /* Swift_Journey_GameTests.swift */; };
/* End PBXBuildFile section */

/* Begin PBXContainerItemProxy section */
		7565D27A19453D7400DEC6AC /* PBXContainerItemProxy */ = {
			isa = PBXContainerItemProxy;
			containerPortal = 7565D25B19453D7400DEC6AC /* Project object */;
			proxyType = 1;
			remoteGlobalIDString = 7565D26219453D7400DEC6AC;
			remoteInfo = "Swift Journey Game";
		};
/* End PBXContainerItemProxy section */

/* Begin PBXFileReference section */
		7565D26319453D7400DEC6AC /* Swift Journey Game.app */ = {isa = PBXFileReference; explicitFileType = wrapper.application; includeInIndex = 0; path = "Swift Journey Game.app"; sourceTree = BUILT_PRODUCTS_DIR; };
		7565D26719453D7400DEC6AC /* Info.plist */ = {isa = PBXFileReference; lastKnownFileType = text.plist.xml; path = Info.plist; sourceTree = "<group>"; };
		7565D26819453D7400DEC6AC /* AppDelegate.swift */ = {isa = PBXFileReference; lastKnownFileType = sourcecode.swift; path = AppDelegate.swift; sourceTree = "<group>"; };
		7565D26A19453D7400DEC6AC /* GameScene.sks */ = {isa = PBXFileReference; lastKnownFileType = file.sks; path = GameScene.sks; sourceTree = "<group>"; };
		7565D26C19453D7400DEC6AC /* GameScene.swift */ = {isa = PBXFileReference; lastKnownFileType = sourcecode.swift; path = GameScene.swift; sourceTree = "<group>"; };
		7565D26E19453D7400DEC6AC /* GameViewController.swift */ = {isa = PBXFileReference; lastKnownFileType = sourcecode.swift; path = GameViewController.swift; sourceTree = "<group>"; };
		7565D27119453D7400DEC6AC /* Base */ = {isa = PBXFileReference; lastKnownFileType = file.storyboard; name = Base; path = Base.lproj/Main.storyboard; sourceTree = "<group>"; };
		7565D27319453D7400DEC6AC /* Images.xcassets */ = {isa = PBXFileReference; lastKnownFileType = folder.assetcatalog; path = Images.xcassets; sourceTree = "<group>"; };
		7565D27919453D7400DEC6AC /* Swift Journey GameTests.xctest */ = {isa = PBXFileReference; explicitFileType = wrapper.cfbundle; includeInIndex = 0; path = "Swift Journey GameTests.xctest"; sourceTree = BUILT_PRODUCTS_DIR; };
		7565D27E19453D7400DEC6AC /* Info.plist */ = {isa = PBXFileReference; lastKnownFileType = text.plist.xml; path = Info.plist; sourceTree = "<group>"; };
		7565D27F19453D7400DEC6AC /* Swift_Journey_GameTests.swift */ = {isa = PBXFileReference; lastKnownFileType = sourcecode.swift; path = Swift_Journey_GameTests.swift; sourceTree = "<group>"; };
/* End PBXFileReference section */

/* Begin PBXFrameworksBuildPhase section */
		7565D26019453D7400DEC6AC /* Frameworks */ = {
			isa = PBXFrameworksBuildPhase;
			buildActionMask = 2147483647;
			files = (
			);
			runOnlyForDeploymentPostprocessing = 0;
		};
		7565D27619453D7400DEC6AC /* Frameworks */ = {
			isa = PBXFrameworksBuildPhase;
			buildActionMask = 2147483647;
			files = (
			);
			runOnlyForDeploymentPostprocessing = 0;
		};
/* End PBXFrameworksBuildPhase section */

/* Begin PBXGroup section */
		7565D25A19453D7400DEC6AC = {
			isa = PBXGroup;
			children = (
				7565D26519453D7400DEC6AC /* Swift Journey Game */,
				7565D27C19453D7400DEC6AC /* Swift Journey GameTests */,
				7565D26419453D7400DEC6AC /* Products */,
			);
			sourceTree = "<group>";
		};
		7565D26419453D7400DEC6AC /* Products */ = {
			isa = PBXGroup;
			children = (
				7565D26319453D7400DEC6AC /* Swift Journey Game.app */,
				7565D27919453D7400DEC6AC /* Swift Journey GameTests.xctest */,
			);
			name = Products;
			sourceTree = "<group>";
		};
		7565D26519453D7400DEC6AC /* Swift Journey Game */ = {
			isa = PBXGroup;
			children = (
				7565D26819453D7400DEC6AC /* AppDelegate.swift */,
				7565D26A19453D7400DEC6AC /* GameScene.sks */,
				7565D26C19453D7400DEC6AC /* GameScene.swift */,
				7565D26E19453D7400DEC6AC /* GameViewController.swift */,
				7565D27019453D7400DEC6AC /* Main.storyboard */,
				7565D27319453D7400DEC6AC /* Images.xcassets */,
				7565D26619453D7400DEC6AC /* Supporting Files */,
			);
			path = "Swift Journey Game";
			sourceTree = "<group>";
		};
		7565D26619453D7400DEC6AC /* Supporting Files */ = {
			isa = PBXGroup;
			children = (
				7565D26719453D7400DEC6AC /* Info.plist */,
			);
			name = "Supporting Files";
			sourceTree = "<group>";
		};
		7565D27C19453D7400DEC6AC /* Swift Journey GameTests */ = {
			isa = PBXGroup;
			children = (
				7565D27F19453D7400DEC6AC /* Swift_Journey_GameTests.swift */,
				7565D27D19453D7400DEC6AC /* Supporting Files */,
			);
			path = "Swift Journey GameTests";
			sourceTree = "<group>";
		};
		7565D27D19453D7400DEC6AC /* Supporting Files */ = {
			isa = PBXGroup;
			children = (
				7565D27E19453D7400DEC6AC /* Info.plist */,
			);
			name = "Supporting Files";
			sourceTree = "<group>";
		};
/* End PBXGroup section */

/* Begin PBXNativeTarget section */
		7565D26219453D7400DEC6AC /* Swift Journey Game */ = {
			isa = PBXNativeTarget;
			buildConfigurationList = 7565D28319453D7400DEC6AC /* Build configuration list for PBXNativeTarget "Swift Journey Game" */;
			buildPhases = (
				7565D25F19453D7400DEC6AC /* Sources */,
				7565D26019453D7400DEC6AC /* Frameworks */,
				7565D26119453D7400DEC6AC /* Resources */,
			);
			buildRules = (
			);
			dependencies = (
			);
			name = "Swift Journey Game";
			productName = "Swift Journey Game";
			productReference = 7565D26319453D7400DEC6AC /* Swift Journey Game.app */;
			productType = "com.apple.product-type.application";
		};
		7565D27819453D7400DEC6AC /* Swift Journey GameTests */ = {
			isa = PBXNativeTarget;
			buildConfigurationList = 7565D28619453D7400DEC6AC /* Build configuration list for PBXNativeTarget "Swift Journey GameTests" */;
			buildPhases = (
				7565D27519453D7400DEC6AC /* Sources */,
				7565D27619453D7400DEC6AC /* Frameworks */,
				7565D27719453D7400DEC6AC /* Resources */,
			);
			buildRules = (
			);
			dependencies = (
				7565D27B19453D7400DEC6AC /* PBXTargetDependency */,
			);
			name = "Swift Journey GameTests";
			productName = "Swift Journey GameTests";
			productReference = 7565D27919453D7400DEC6AC /* Swift Journey GameTests.xctest */;
			productType = "com.apple.product-type.bundle.unit-test";
		};
/* End PBXNativeTarget section */

/* Begin PBXProject section */
		7565D25B19453D7400DEC6AC /* Project object */ = {
			isa = PBXProject;
			attributes = {
				LastUpgradeCheck = 0600;
				ORGANIZATIONNAME = "Weverton Couto Timoteo";
				TargetAttributes = {
					7565D26219453D7400DEC6AC = {
						CreatedOnToolsVersion = 6.0;
					};
					7565D27819453D7400DEC6AC = {
						CreatedOnToolsVersion = 6.0;
						TestTargetID = 7565D26219453D7400DEC6AC;
					};
				};
			};
			buildConfigurationList = 7565D25E19453D7400DEC6AC /* Build configuration list for PBXProject "Swift Journey Game" */;
			compatibilityVersion = "Xcode 3.2";
			developmentRegion = English;
			hasScannedForEncodings = 0;
			knownRegions = (
				en,
				Base,
			);
			mainGroup = 7565D25A19453D7400DEC6AC;
			productRefGroup = 7565D26419453D7400DEC6AC /* Products */;
			projectDirPath = "";
			projectRoot = "";
			targets = (
				7565D26219453D7400DEC6AC /* Swift Journey Game */,
				7565D27819453D7400DEC6AC /* Swift Journey GameTests */,
			);
		};
/* End PBXProject section */

/* Begin PBXResourcesBuildPhase section */
		7565D26119453D7400DEC6AC /* Resources */ = {
			isa = PBXResourcesBuildPhase;
			buildActionMask = 2147483647;
			files = (
				7565D27419453D7400DEC6AC /* Images.xcassets in Resources */,
				7565D26B19453D7400DEC6AC /* GameScene.sks in Resources */,
				7565D27219453D7400DEC6AC /* Main.storyboard in Resources */,
			);
			runOnlyForDeploymentPostprocessing = 0;
		};
		7565D27719453D7400DEC6AC /* Resources */ = {
			isa = PBXResourcesBuildPhase;
			buildActionMask = 2147483647;
			files = (
			);
			runOnlyForDeploymentPostprocessing = 0;
		};
/* End PBXResourcesBuildPhase section */

/* Begin PBXSourcesBuildPhase section */
		7565D25F19453D7400DEC6AC /* Sources */ = {
			isa = PBXSourcesBuildPhase;
			buildActionMask = 2147483647;
			files = (
				7565D26D19453D7400DEC6AC /* GameScene.swift in Sources */,
				7565D26F19453D7400DEC6AC /* GameViewController.swift in Sources */,
				7565D26919453D7400DEC6AC /* AppDelegate.swift in Sources */,
			);
			runOnlyForDeploymentPostprocessing = 0;
		};
		7565D27519453D7400DEC6AC /* Sources */ = {
			isa = PBXSourcesBuildPhase;
			buildActionMask = 2147483647;
			files = (
				7565D28019453D7400DEC6AC /* Swift_Journey_GameTests.swift in Sources */,
			);
			runOnlyForDeploymentPostprocessing = 0;
		};
/* End PBXSourcesBuildPhase section */

/* Begin PBXTargetDependency section */
		7565D27B19453D7400DEC6AC /* PBXTargetDependency */ = {
			isa = PBXTargetDependency;
			target = 7565D26219453D7400DEC6AC /* Swift Journey Game */;
			targetProxy = 7565D27A19453D7400DEC6AC /* PBXContainerItemProxy */;
		};
/* End PBXTargetDependency section */

/* Begin PBXVariantGroup section */
		7565D27019453D7400DEC6AC /* Main.storyboard */ = {
			isa = PBXVariantGroup;
			children = (
				7565D27119453D7400DEC6AC /* Base */,
			);
			name = Main.storyboard;
			sourceTree = "<group>";
		};
/* End PBXVariantGroup section */

/* Begin XCBuildConfiguration section */
		7565D28119453D7400DEC6AC /* Debug */ = {
			isa = XCBuildConfiguration;
			buildSettings = {
				ALWAYS_SEARCH_USER_PATHS = NO;
				CLANG_CXX_LANGUAGE_STANDARD = "gnu++0x";
				CLANG_CXX_LIBRARY = "libc++";
				CLANG_ENABLE_MODULES = YES;
				CLANG_ENABLE_OBJC_ARC = YES;
				CLANG_WARN_BOOL_CONVERSION = YES;
				CLANG_WARN_CONSTANT_CONVERSION = YES;
				CLANG_WARN_DIRECT_OBJC_ISA_USAGE = YES_ERROR;
				CLANG_WARN_EMPTY_BODY = YES;
				CLANG_WARN_ENUM_CONVERSION = YES;
				CLANG_WARN_INT_CONVERSION = YES;
				CLANG_WARN_OBJC_ROOT_CLASS = YES_ERROR;
				CLANG_WARN_UNREACHABLE_CODE = YES;
				CLANG_WARN__DUPLICATE_METHOD_MATCH = YES;
				"CODE_SIGN_IDENTITY[sdk=iphoneos*]" = "iPhone Developer";
				COPY_PHASE_STRIP = NO;
				ENABLE_STRICT_OBJC_MSGSEND = YES;
				GCC_C_LANGUAGE_STANDARD = gnu99;
				GCC_DYNAMIC_NO_PIC = NO;
				GCC_OPTIMIZATION_LEVEL = 0;
				GCC_PREPROCESSOR_DEFINITIONS = (
					"DEBUG=1",
					"$(inherited)",
				);
				GCC_SYMBOLS_PRIVATE_EXTERN = NO;
				GCC_WARN_64_TO_32_BIT_CONVERSION = YES;
				GCC_WARN_ABOUT_RETURN_TYPE = YES_ERROR;
				GCC_WARN_UNDECLARED_SELECTOR = YES;
				GCC_WARN_UNINITIALIZED_AUTOS = YES_AGGRESSIVE;
				GCC_WARN_UNUSED_FUNCTION = YES;
				GCC_WARN_UNUSED_VARIABLE = YES;
				IPHONEOS_DEPLOYMENT_TARGET = 8.0;
				METAL_ENABLE_DEBUG_INFO = YES;
				ONLY_ACTIVE_ARCH = YES;
				SDKROOT = iphoneos;
				SWIFT_OPTIMIZATION_LEVEL = "-Onone";
			};
			name = Debug;
		};
		7565D28219453D7400DEC6AC /* Release */ = {
			isa = XCBuildConfiguration;
			buildSettings = {
				ALWAYS_SEARCH_USER_PATHS = NO;
				CLANG_CXX_LANGUAGE_STANDARD = "gnu++0x";
				CLANG_CXX_LIBRARY = "libc++";
				CLANG_ENABLE_MODULES = YES;
				CLANG_ENABLE_OBJC_ARC = YES;
				CLANG_WARN_BOOL_CONVERSION = YES;
				CLANG_WARN_CONSTANT_CONVERSION = YES;
				CLANG_WARN_DIRECT_OBJC_ISA_USAGE = YES_ERROR;
				CLANG_WARN_EMPTY_BODY = YES;
				CLANG_WARN_ENUM_CONVERSION = YES;
				CLANG_WARN_INT_CONVERSION = YES;
				CLANG_WARN_OBJC_ROOT_CLASS = YES_ERROR;
				CLANG_WARN_UNREACHABLE_CODE = YES;
				CLANG_WARN__DUPLICATE_METHOD_MATCH = YES;
				"CODE_SIGN_IDENTITY[sdk=iphoneos*]" = "iPhone Developer";
				COPY_PHASE_STRIP = YES;
				ENABLE_NS_ASSERTIONS = NO;
				ENABLE_STRICT_OBJC_MSGSEND = YES;
				GCC_C_LANGUAGE_STANDARD = gnu99;
				GCC_WARN_64_TO_32_BIT_CONVERSION = YES;
				GCC_WARN_ABOUT_RETURN_TYPE = YES_ERROR;
				GCC_WARN_UNDECLARED_SELECTOR = YES;
				GCC_WARN_UNINITIALIZED_AUTOS = YES_AGGRESSIVE;
				GCC_WARN_UNUSED_FUNCTION = YES;
				GCC_WARN_UNUSED_VARIABLE = YES;
				IPHONEOS_DEPLOYMENT_TARGET = 8.0;
				METAL_ENABLE_DEBUG_INFO = NO;
				SDKROOT = iphoneos;
				VALIDATE_PRODUCT = YES;
			};
			name = Release;
		};
		7565D28419453D7400DEC6AC /* Debug */ = {
			isa = XCBuildConfiguration;
			buildSettings = {
				ASSETCATALOG_COMPILER_APPICON_NAME = AppIcon;
				ASSETCATALOG_COMPILER_LAUNCHIMAGE_NAME = LaunchImage;
				INFOPLIST_FILE = "Swift Journey Game/Info.plist";
				LD_RUNPATH_SEARCH_PATHS = "$(inherited) @executable_path/Frameworks";
				PRODUCT_NAME = "$(TARGET_NAME)";
			};
			name = Debug;
		};
		7565D28519453D7400DEC6AC /* Release */ = {
			isa = XCBuildConfiguration;
			buildSettings = {
				ASSETCATALOG_COMPILER_APPICON_NAME = AppIcon;
				ASSETCATALOG_COMPILER_LAUNCHIMAGE_NAME = LaunchImage;
				INFOPLIST_FILE = "Swift Journey Game/Info.plist";
				LD_RUNPATH_SEARCH_PATHS = "$(inherited) @executable_path/Frameworks";
				PRODUCT_NAME = "$(TARGET_NAME)";
			};
			name = Release;
		};
		7565D28719453D7400DEC6AC /* Debug */ = {
			isa = XCBuildConfiguration;
			buildSettings = {
				BUNDLE_LOADER = "$(BUILT_PRODUCTS_DIR)/Swift Journey Game.app/Swift Journey Game";
				FRAMEWORK_SEARCH_PATHS = (
					"$(SDKROOT)/Developer/Library/Frameworks",
					"$(inherited)",
				);
				GCC_PREPROCESSOR_DEFINITIONS = (
					"DEBUG=1",
					"$(inherited)",
				);
				INFOPLIST_FILE = "Swift Journey GameTests/Info.plist";
				LD_RUNPATH_SEARCH_PATHS = "$(inherited) @executable_path/Frameworks @loader_path/Frameworks";
				METAL_ENABLE_DEBUG_INFO = YES;
				PRODUCT_NAME = "$(TARGET_NAME)";
				TEST_HOST = "$(BUNDLE_LOADER)";
			};
			name = Debug;
		};
		7565D28819453D7400DEC6AC /* Release */ = {
			isa = XCBuildConfiguration;
			buildSettings = {
				BUNDLE_LOADER = "$(BUILT_PRODUCTS_DIR)/Swift Journey Game.app/Swift Journey Game";
				FRAMEWORK_SEARCH_PATHS = (
					"$(SDKROOT)/Developer/Library/Frameworks",
					"$(inherited)",
				);
				INFOPLIST_FILE = "Swift Journey GameTests/Info.plist";
				LD_RUNPATH_SEARCH_PATHS = "$(inherited) @executable_path/Frameworks @loader_path/Frameworks";
				METAL_ENABLE_DEBUG_INFO = NO;
				PRODUCT_NAME = "$(TARGET_NAME)";
				TEST_HOST = "$(BUNDLE_LOADER)";
			};
			name = Release;
		};
/* End XCBuildConfiguration section */

/* Begin XCConfigurationList section */
		7565D25E19453D7400DEC6AC /* Build configuration list for PBXProject "Swift Journey Game" */ = {
			isa = XCConfigurationList;
			buildConfigurations = (
				7565D28119453D7400DEC6AC /* Debug */,
				7565D28219453D7400DEC6AC /* Release */,
			);
			defaultConfigurationIsVisible = 0;
			defaultConfigurationName = Release;
		};
		7565D28319453D7400DEC6AC /* Build configuration list for PBXNativeTarget "Swift Journey Game" */ = {
			isa = XCConfigurationList;
			buildConfigurations = (
				7565D28419453D7400DEC6AC /* Debug */,
				7565D28519453D7400DEC6AC /* Release */,
			);
			defaultConfigurationIsVisible = 0;
		};
		7565D28619453D7400DEC6AC /* Build configuration list for PBXNativeTarget "Swift Journey GameTests" */ = {
			isa = XCConfigurationList;
			buildConfigurations = (
				7565D28719453D7400DEC6AC /* Debug */,
				7565D28819453D7400DEC6AC /* Release */,
			);
			defaultConfigurationIsVisible = 0;
		};
/* End XCConfigurationList section */
	};
	rootObject = 7565D25B19453D7400DEC6AC /* Project object */;
}
